// !$*UTF8*$!
{
	archiveVersion = 1;
	classes = {
	};
	objectVersion = 52;
	objects = {

/* Begin PBXBuildFile section */
		CA1EC7162592B11A00AF241E /* Credits.rtf in Resources */ = {isa = PBXBuildFile; fileRef = CA1EC7152592B11A00AF241E /* Credits.rtf */; };
		CA426426259F983E007ACDB0 /* FeedUtils.swift in Sources */ = {isa = PBXBuildFile; fileRef = CA426425259F983E007ACDB0 /* FeedUtils.swift */; };
		CA85DFDC259FF33500888457 /* AppState.swift in Sources */ = {isa = PBXBuildFile; fileRef = CA85DFDB259FF33500888457 /* AppState.swift */; };
		CAE9AB7A25913AE900344689 /* ChannelSettingsRow.swift in Sources */ = {isa = PBXBuildFile; fileRef = CAE9AB7925913AE900344689 /* ChannelSettingsRow.swift */; };
		CAE9AB802591434500344689 /* AddNewChannelSettingsRow.swift in Sources */ = {isa = PBXBuildFile; fileRef = CAE9AB7F2591434500344689 /* AddNewChannelSettingsRow.swift */; };
		CAE9AB8C2591488D00344689 /* FeedKit in Frameworks */ = {isa = PBXBuildFile; productRef = CAE9AB8B2591488D00344689 /* FeedKit */; };
		CAE9AB94259165F200344689 /* ChannelPersistenceProvider.swift in Sources */ = {isa = PBXBuildFile; fileRef = CAE9AB93259165F200344689 /* ChannelPersistenceProvider.swift */; };
		CAE9AB9A259182E800344689 /* ArticlePersistenceProvider.swift in Sources */ = {isa = PBXBuildFile; fileRef = CAE9AB99259182E800344689 /* ArticlePersistenceProvider.swift */; };
		CAE9ABA82591844100344689 /* PersistenceProvider.swift in Sources */ = {isa = PBXBuildFile; fileRef = CAE9ABA72591844100344689 /* PersistenceProvider.swift */; };
		CAE9ABAD2591973C00344689 /* WebView.swift in Sources */ = {isa = PBXBuildFile; fileRef = CAE9ABAC2591973C00344689 /* WebView.swift */; };
		CAFAC8132590FAF80094B699 /* ReedApp.swift in Sources */ = {isa = PBXBuildFile; fileRef = CAFAC8122590FAF80094B699 /* ReedApp.swift */; };
		CAFAC8172590FAF90094B699 /* Assets.xcassets in Resources */ = {isa = PBXBuildFile; fileRef = CAFAC8162590FAF90094B699 /* Assets.xcassets */; };
		CAFAC81A2590FAF90094B699 /* Preview Assets.xcassets in Resources */ = {isa = PBXBuildFile; fileRef = CAFAC8192590FAF90094B699 /* Preview Assets.xcassets */; };
		CAFAC8262590FAF90094B699 /* reedTests.swift in Sources */ = {isa = PBXBuildFile; fileRef = CAFAC8252590FAF90094B699 /* reedTests.swift */; };
		CAFAC8312590FAF90094B699 /* reedUITests.swift in Sources */ = {isa = PBXBuildFile; fileRef = CAFAC8302590FAF90094B699 /* reedUITests.swift */; };
		CAFAC84C2590FDD50094B699 /* DummyStores.swift in Sources */ = {isa = PBXBuildFile; fileRef = CAFAC84B2590FDD50094B699 /* DummyStores.swift */; };
		CAFAC8512590FF710094B699 /* Sidebar.swift in Sources */ = {isa = PBXBuildFile; fileRef = CAFAC8502590FF710094B699 /* Sidebar.swift */; };
		CAFAC857259101D90094B699 /* ChannelView.swift in Sources */ = {isa = PBXBuildFile; fileRef = CAFAC856259101D90094B699 /* ChannelView.swift */; };
		CAFAC860259104720094B699 /* ArticleView.swift in Sources */ = {isa = PBXBuildFile; fileRef = CAFAC85F259104720094B699 /* ArticleView.swift */; };
		CAFAC88425910E1B0094B699 /* SettingsView.swift in Sources */ = {isa = PBXBuildFile; fileRef = CAFAC88325910E1B0094B699 /* SettingsView.swift */; };
		CAFAC88A25910EFE0094B699 /* GeneralSettingsView.swift in Sources */ = {isa = PBXBuildFile; fileRef = CAFAC88925910EFE0094B699 /* GeneralSettingsView.swift */; };
		CAFAC89225910F100094B699 /* ChannelSettingsView.swift in Sources */ = {isa = PBXBuildFile; fileRef = CAFAC89125910F100094B699 /* ChannelSettingsView.swift */; };
		CAFAC89825910F220094B699 /* AdvancedSettingsView.swift in Sources */ = {isa = PBXBuildFile; fileRef = CAFAC89725910F220094B699 /* AdvancedSettingsView.swift */; };
		CAFAC8A3259121040094B699 /* reedModel.xcdatamodeld in Sources */ = {isa = PBXBuildFile; fileRef = CAFAC8A1259121040094B699 /* reedModel.xcdatamodeld */; };
		CAFAC8F4259123320094B699 /* Persistence.swift in Sources */ = {isa = PBXBuildFile; fileRef = CAFAC8F3259123320094B699 /* Persistence.swift */; };
/* End PBXBuildFile section */

/* Begin PBXContainerItemProxy section */
		CAFAC8222590FAF90094B699 /* PBXContainerItemProxy */ = {
			isa = PBXContainerItemProxy;
			containerPortal = CAFAC8072590FAF80094B699 /* Project object */;
			proxyType = 1;
			remoteGlobalIDString = CAFAC80E2590FAF80094B699;
			remoteInfo = reed;
		};
		CAFAC82D2590FAF90094B699 /* PBXContainerItemProxy */ = {
			isa = PBXContainerItemProxy;
			containerPortal = CAFAC8072590FAF80094B699 /* Project object */;
			proxyType = 1;
			remoteGlobalIDString = CAFAC80E2590FAF80094B699;
			remoteInfo = reed;
		};
/* End PBXContainerItemProxy section */

/* Begin PBXFileReference section */
		CA1EC7152592B11A00AF241E /* Credits.rtf */ = {isa = PBXFileReference; lastKnownFileType = text.rtf; path = Credits.rtf; sourceTree = "<group>"; };
		CA426425259F983E007ACDB0 /* FeedUtils.swift */ = {isa = PBXFileReference; lastKnownFileType = sourcecode.swift; path = FeedUtils.swift; sourceTree = "<group>"; };
		CA85DFDB259FF33500888457 /* AppState.swift */ = {isa = PBXFileReference; lastKnownFileType = sourcecode.swift; path = AppState.swift; sourceTree = "<group>"; };
		CAE9AB7925913AE900344689 /* ChannelSettingsRow.swift */ = {isa = PBXFileReference; lastKnownFileType = sourcecode.swift; path = ChannelSettingsRow.swift; sourceTree = "<group>"; };
		CAE9AB7F2591434500344689 /* AddNewChannelSettingsRow.swift */ = {isa = PBXFileReference; lastKnownFileType = sourcecode.swift; path = AddNewChannelSettingsRow.swift; sourceTree = "<group>"; };
		CAE9AB93259165F200344689 /* ChannelPersistenceProvider.swift */ = {isa = PBXFileReference; lastKnownFileType = sourcecode.swift; path = ChannelPersistenceProvider.swift; sourceTree = "<group>"; };
		CAE9AB99259182E800344689 /* ArticlePersistenceProvider.swift */ = {isa = PBXFileReference; lastKnownFileType = sourcecode.swift; path = ArticlePersistenceProvider.swift; sourceTree = "<group>"; };
		CAE9ABA72591844100344689 /* PersistenceProvider.swift */ = {isa = PBXFileReference; lastKnownFileType = sourcecode.swift; path = PersistenceProvider.swift; sourceTree = "<group>"; };
		CAE9ABAC2591973C00344689 /* WebView.swift */ = {isa = PBXFileReference; lastKnownFileType = sourcecode.swift; path = WebView.swift; sourceTree = "<group>"; };
		CAFAC80F2590FAF80094B699 /* reed.app */ = {isa = PBXFileReference; explicitFileType = wrapper.application; includeInIndex = 0; path = reed.app; sourceTree = BUILT_PRODUCTS_DIR; };
		CAFAC8122590FAF80094B699 /* ReedApp.swift */ = {isa = PBXFileReference; lastKnownFileType = sourcecode.swift; path = ReedApp.swift; sourceTree = "<group>"; };
		CAFAC8162590FAF90094B699 /* Assets.xcassets */ = {isa = PBXFileReference; lastKnownFileType = folder.assetcatalog; path = Assets.xcassets; sourceTree = "<group>"; };
		CAFAC8192590FAF90094B699 /* Preview Assets.xcassets */ = {isa = PBXFileReference; lastKnownFileType = folder.assetcatalog; path = "Preview Assets.xcassets"; sourceTree = "<group>"; };
		CAFAC81B2590FAF90094B699 /* Info.plist */ = {isa = PBXFileReference; lastKnownFileType = text.plist.xml; path = Info.plist; sourceTree = "<group>"; };
		CAFAC81C2590FAF90094B699 /* reed.entitlements */ = {isa = PBXFileReference; lastKnownFileType = text.plist.entitlements; path = reed.entitlements; sourceTree = "<group>"; };
		CAFAC8212590FAF90094B699 /* reedTests.xctest */ = {isa = PBXFileReference; explicitFileType = wrapper.cfbundle; includeInIndex = 0; path = reedTests.xctest; sourceTree = BUILT_PRODUCTS_DIR; };
		CAFAC8252590FAF90094B699 /* reedTests.swift */ = {isa = PBXFileReference; lastKnownFileType = sourcecode.swift; path = reedTests.swift; sourceTree = "<group>"; };
		CAFAC8272590FAF90094B699 /* Info.plist */ = {isa = PBXFileReference; lastKnownFileType = text.plist.xml; path = Info.plist; sourceTree = "<group>"; };
		CAFAC82C2590FAF90094B699 /* reedUITests.xctest */ = {isa = PBXFileReference; explicitFileType = wrapper.cfbundle; includeInIndex = 0; path = reedUITests.xctest; sourceTree = BUILT_PRODUCTS_DIR; };
		CAFAC8302590FAF90094B699 /* reedUITests.swift */ = {isa = PBXFileReference; lastKnownFileType = sourcecode.swift; path = reedUITests.swift; sourceTree = "<group>"; };
		CAFAC8322590FAF90094B699 /* Info.plist */ = {isa = PBXFileReference; lastKnownFileType = text.plist.xml; path = Info.plist; sourceTree = "<group>"; };
		CAFAC84B2590FDD50094B699 /* DummyStores.swift */ = {isa = PBXFileReference; lastKnownFileType = sourcecode.swift; path = DummyStores.swift; sourceTree = "<group>"; };
		CAFAC8502590FF710094B699 /* Sidebar.swift */ = {isa = PBXFileReference; lastKnownFileType = sourcecode.swift; path = Sidebar.swift; sourceTree = "<group>"; };
		CAFAC856259101D90094B699 /* ChannelView.swift */ = {isa = PBXFileReference; lastKnownFileType = sourcecode.swift; path = ChannelView.swift; sourceTree = "<group>"; };
		CAFAC85F259104720094B699 /* ArticleView.swift */ = {isa = PBXFileReference; lastKnownFileType = sourcecode.swift; path = ArticleView.swift; sourceTree = "<group>"; };
		CAFAC88325910E1B0094B699 /* SettingsView.swift */ = {isa = PBXFileReference; lastKnownFileType = sourcecode.swift; path = SettingsView.swift; sourceTree = "<group>"; };
		CAFAC88925910EFE0094B699 /* GeneralSettingsView.swift */ = {isa = PBXFileReference; lastKnownFileType = sourcecode.swift; path = GeneralSettingsView.swift; sourceTree = "<group>"; };
		CAFAC89125910F100094B699 /* ChannelSettingsView.swift */ = {isa = PBXFileReference; lastKnownFileType = sourcecode.swift; path = ChannelSettingsView.swift; sourceTree = "<group>"; };
		CAFAC89725910F220094B699 /* AdvancedSettingsView.swift */ = {isa = PBXFileReference; lastKnownFileType = sourcecode.swift; path = AdvancedSettingsView.swift; sourceTree = "<group>"; };
		CAFAC8A2259121040094B699 /* Model.xcdatamodel */ = {isa = PBXFileReference; lastKnownFileType = wrapper.xcdatamodel; path = Model.xcdatamodel; sourceTree = "<group>"; };
		CAFAC8F3259123320094B699 /* Persistence.swift */ = {isa = PBXFileReference; lastKnownFileType = sourcecode.swift; path = Persistence.swift; sourceTree = "<group>"; };
/* End PBXFileReference section */

/* Begin PBXFrameworksBuildPhase section */
		CAFAC80C2590FAF80094B699 /* Frameworks */ = {
			isa = PBXFrameworksBuildPhase;
			buildActionMask = 2147483647;
			files = (
				CAE9AB8C2591488D00344689 /* FeedKit in Frameworks */,
			);
			runOnlyForDeploymentPostprocessing = 0;
		};
		CAFAC81E2590FAF90094B699 /* Frameworks */ = {
			isa = PBXFrameworksBuildPhase;
			buildActionMask = 2147483647;
			files = (
			);
			runOnlyForDeploymentPostprocessing = 0;
		};
		CAFAC8292590FAF90094B699 /* Frameworks */ = {
			isa = PBXFrameworksBuildPhase;
			buildActionMask = 2147483647;
			files = (
			);
			runOnlyForDeploymentPostprocessing = 0;
		};
/* End PBXFrameworksBuildPhase section */

/* Begin PBXGroup section */
		CA85DFDA259FF32700888457 /* State */ = {
			isa = PBXGroup;
			children = (
				CA85DFDB259FF33500888457 /* AppState.swift */,
			);
			path = State;
			sourceTree = "<group>";
		};
		CAE9AB7E2591433400344689 /* ChannelSettings */ = {
			isa = PBXGroup;
			children = (
				CAFAC89125910F100094B699 /* ChannelSettingsView.swift */,
				CAE9AB7925913AE900344689 /* ChannelSettingsRow.swift */,
				CAE9AB7F2591434500344689 /* AddNewChannelSettingsRow.swift */,
			);
			path = ChannelSettings;
			sourceTree = "<group>";
		};
		CAE9AB98259182B900344689 /* Persistence */ = {
			isa = PBXGroup;
			children = (
				CAE9AB99259182E800344689 /* ArticlePersistenceProvider.swift */,
				CAE9AB93259165F200344689 /* ChannelPersistenceProvider.swift */,
				CAE9ABA72591844100344689 /* PersistenceProvider.swift */,
				CAFAC8F3259123320094B699 /* Persistence.swift */,
			);
			path = Persistence;
			sourceTree = "<group>";
		};
		CAFAC8062590FAF80094B699 = {
			isa = PBXGroup;
			children = (
				CAFAC8112590FAF80094B699 /* reed */,
				CAFAC8242590FAF90094B699 /* reedTests */,
				CAFAC82F2590FAF90094B699 /* reedUITests */,
				CAFAC8102590FAF80094B699 /* Products */,
			);
			sourceTree = "<group>";
		};
		CAFAC8102590FAF80094B699 /* Products */ = {
			isa = PBXGroup;
			children = (
				CAFAC80F2590FAF80094B699 /* reed.app */,
				CAFAC8212590FAF90094B699 /* reedTests.xctest */,
				CAFAC82C2590FAF90094B699 /* reedUITests.xctest */,
			);
			name = Products;
			sourceTree = "<group>";
		};
		CAFAC8112590FAF80094B699 /* reed */ = {
			isa = PBXGroup;
			children = (
				CA85DFDA259FF32700888457 /* State */,
				CAE9AB98259182B900344689 /* Persistence */,
				CAFAC855259101CA0094B699 /* Components */,
				CAFAC8122590FAF80094B699 /* ReedApp.swift */,
				CAFAC8162590FAF90094B699 /* Assets.xcassets */,
				CAFAC81B2590FAF90094B699 /* Info.plist */,
				CAFAC81C2590FAF90094B699 /* reed.entitlements */,
				CAFAC8182590FAF90094B699 /* Preview Content */,
				CAFAC84B2590FDD50094B699 /* DummyStores.swift */,
				CAFAC8A1259121040094B699 /* reedModel.xcdatamodeld */,
				CA1EC7152592B11A00AF241E /* Credits.rtf */,
				CA426425259F983E007ACDB0 /* FeedUtils.swift */,
			);
			path = reed;
			sourceTree = "<group>";
		};
		CAFAC8182590FAF90094B699 /* Preview Content */ = {
			isa = PBXGroup;
			children = (
				CAFAC8192590FAF90094B699 /* Preview Assets.xcassets */,
			);
			path = "Preview Content";
			sourceTree = "<group>";
		};
		CAFAC8242590FAF90094B699 /* reedTests */ = {
			isa = PBXGroup;
			children = (
				CAFAC8252590FAF90094B699 /* reedTests.swift */,
				CAFAC8272590FAF90094B699 /* Info.plist */,
			);
			path = reedTests;
			sourceTree = "<group>";
		};
		CAFAC82F2590FAF90094B699 /* reedUITests */ = {
			isa = PBXGroup;
			children = (
				CAFAC8302590FAF90094B699 /* reedUITests.swift */,
				CAFAC8322590FAF90094B699 /* Info.plist */,
			);
			path = reedUITests;
			sourceTree = "<group>";
		};
		CAFAC855259101CA0094B699 /* Components */ = {
			isa = PBXGroup;
			children = (
				CAFAC88825910EF10094B699 /* Settings */,
				CAFAC8502590FF710094B699 /* Sidebar.swift */,
				CAFAC856259101D90094B699 /* ChannelView.swift */,
				CAFAC85F259104720094B699 /* ArticleView.swift */,
				CAE9ABAC2591973C00344689 /* WebView.swift */,
			);
			path = Components;
			sourceTree = "<group>";
		};
		CAFAC88825910EF10094B699 /* Settings */ = {
			isa = PBXGroup;
			children = (
				CAE9AB7E2591433400344689 /* ChannelSettings */,
				CAFAC88325910E1B0094B699 /* SettingsView.swift */,
				CAFAC88925910EFE0094B699 /* GeneralSettingsView.swift */,
				CAFAC89725910F220094B699 /* AdvancedSettingsView.swift */,
			);
			path = Settings;
			sourceTree = "<group>";
		};
/* End PBXGroup section */

/* Begin PBXNativeTarget section */
		CAFAC80E2590FAF80094B699 /* reed */ = {
			isa = PBXNativeTarget;
			buildConfigurationList = CAFAC8352590FAF90094B699 /* Build configuration list for PBXNativeTarget "reed" */;
			buildPhases = (
				CAFAC80B2590FAF80094B699 /* Sources */,
				CAFAC80C2590FAF80094B699 /* Frameworks */,
				CAFAC80D2590FAF80094B699 /* Resources */,
			);
			buildRules = (
			);
			dependencies = (
			);
			name = reed;
			packageProductDependencies = (
				CAE9AB8B2591488D00344689 /* FeedKit */,
			);
			productName = reed;
			productReference = CAFAC80F2590FAF80094B699 /* reed.app */;
			productType = "com.apple.product-type.application";
		};
		CAFAC8202590FAF90094B699 /* reedTests */ = {
			isa = PBXNativeTarget;
			buildConfigurationList = CAFAC8382590FAF90094B699 /* Build configuration list for PBXNativeTarget "reedTests" */;
			buildPhases = (
				CAFAC81D2590FAF90094B699 /* Sources */,
				CAFAC81E2590FAF90094B699 /* Frameworks */,
				CAFAC81F2590FAF90094B699 /* Resources */,
			);
			buildRules = (
			);
			dependencies = (
				CAFAC8232590FAF90094B699 /* PBXTargetDependency */,
			);
			name = reedTests;
			productName = reedTests;
			productReference = CAFAC8212590FAF90094B699 /* reedTests.xctest */;
			productType = "com.apple.product-type.bundle.unit-test";
		};
		CAFAC82B2590FAF90094B699 /* reedUITests */ = {
			isa = PBXNativeTarget;
			buildConfigurationList = CAFAC83B2590FAF90094B699 /* Build configuration list for PBXNativeTarget "reedUITests" */;
			buildPhases = (
				CAFAC8282590FAF90094B699 /* Sources */,
				CAFAC8292590FAF90094B699 /* Frameworks */,
				CAFAC82A2590FAF90094B699 /* Resources */,
			);
			buildRules = (
			);
			dependencies = (
				CAFAC82E2590FAF90094B699 /* PBXTargetDependency */,
			);
			name = reedUITests;
			productName = reedUITests;
			productReference = CAFAC82C2590FAF90094B699 /* reedUITests.xctest */;
			productType = "com.apple.product-type.bundle.ui-testing";
		};
/* End PBXNativeTarget section */

/* Begin PBXProject section */
		CAFAC8072590FAF80094B699 /* Project object */ = {
			isa = PBXProject;
			attributes = {
				LastSwiftUpdateCheck = 1230;
				LastUpgradeCheck = 1230;
				TargetAttributes = {
					CAFAC80E2590FAF80094B699 = {
						CreatedOnToolsVersion = 12.3;
					};
					CAFAC8202590FAF90094B699 = {
						CreatedOnToolsVersion = 12.3;
						TestTargetID = CAFAC80E2590FAF80094B699;
					};
					CAFAC82B2590FAF90094B699 = {
						CreatedOnToolsVersion = 12.3;
						TestTargetID = CAFAC80E2590FAF80094B699;
					};
				};
			};
			buildConfigurationList = CAFAC80A2590FAF80094B699 /* Build configuration list for PBXProject "reed" */;
			compatibilityVersion = "Xcode 9.3";
			developmentRegion = en;
			hasScannedForEncodings = 0;
			knownRegions = (
				en,
				Base,
				de,
			);
			mainGroup = CAFAC8062590FAF80094B699;
			packageReferences = (
				CAE9AB8A2591488D00344689 /* XCRemoteSwiftPackageReference "FeedKit" */,
			);
			productRefGroup = CAFAC8102590FAF80094B699 /* Products */;
			projectDirPath = "";
			projectRoot = "";
			targets = (
				CAFAC80E2590FAF80094B699 /* reed */,
				CAFAC8202590FAF90094B699 /* reedTests */,
				CAFAC82B2590FAF90094B699 /* reedUITests */,
			);
		};
/* End PBXProject section */

/* Begin PBXResourcesBuildPhase section */
		CAFAC80D2590FAF80094B699 /* Resources */ = {
			isa = PBXResourcesBuildPhase;
			buildActionMask = 2147483647;
			files = (
				CAFAC81A2590FAF90094B699 /* Preview Assets.xcassets in Resources */,
				CA1EC7162592B11A00AF241E /* Credits.rtf in Resources */,
				CAFAC8172590FAF90094B699 /* Assets.xcassets in Resources */,
			);
			runOnlyForDeploymentPostprocessing = 0;
		};
		CAFAC81F2590FAF90094B699 /* Resources */ = {
			isa = PBXResourcesBuildPhase;
			buildActionMask = 2147483647;
			files = (
			);
			runOnlyForDeploymentPostprocessing = 0;
		};
		CAFAC82A2590FAF90094B699 /* Resources */ = {
			isa = PBXResourcesBuildPhase;
			buildActionMask = 2147483647;
			files = (
			);
			runOnlyForDeploymentPostprocessing = 0;
		};
/* End PBXResourcesBuildPhase section */

/* Begin PBXSourcesBuildPhase section */
		CAFAC80B2590FAF80094B699 /* Sources */ = {
			isa = PBXSourcesBuildPhase;
			buildActionMask = 2147483647;
			files = (
				CAFAC8A3259121040094B699 /* reedModel.xcdatamodeld in Sources */,
				CAE9AB7A25913AE900344689 /* ChannelSettingsRow.swift in Sources */,
				CA85DFDC259FF33500888457 /* AppState.swift in Sources */,
				CAFAC8132590FAF80094B699 /* ReedApp.swift in Sources */,
				CAFAC88425910E1B0094B699 /* SettingsView.swift in Sources */,
				CAE9ABA82591844100344689 /* PersistenceProvider.swift in Sources */,
				CAFAC860259104720094B699 /* ArticleView.swift in Sources */,
				CAFAC84C2590FDD50094B699 /* DummyStores.swift in Sources */,
				CAE9AB94259165F200344689 /* ChannelPersistenceProvider.swift in Sources */,
				CAFAC8F4259123320094B699 /* Persistence.swift in Sources */,
				CA426426259F983E007ACDB0 /* FeedUtils.swift in Sources */,
				CAE9AB9A259182E800344689 /* ArticlePersistenceProvider.swift in Sources */,
				CAFAC88A25910EFE0094B699 /* GeneralSettingsView.swift in Sources */,
				CAE9ABAD2591973C00344689 /* WebView.swift in Sources */,
				CAFAC89225910F100094B699 /* ChannelSettingsView.swift in Sources */,
				CAFAC8512590FF710094B699 /* Sidebar.swift in Sources */,
				CAFAC857259101D90094B699 /* ChannelView.swift in Sources */,
				CAE9AB802591434500344689 /* AddNewChannelSettingsRow.swift in Sources */,
				CAFAC89825910F220094B699 /* AdvancedSettingsView.swift in Sources */,
			);
			runOnlyForDeploymentPostprocessing = 0;
		};
		CAFAC81D2590FAF90094B699 /* Sources */ = {
			isa = PBXSourcesBuildPhase;
			buildActionMask = 2147483647;
			files = (
				CAFAC8262590FAF90094B699 /* reedTests.swift in Sources */,
			);
			runOnlyForDeploymentPostprocessing = 0;
		};
		CAFAC8282590FAF90094B699 /* Sources */ = {
			isa = PBXSourcesBuildPhase;
			buildActionMask = 2147483647;
			files = (
				CAFAC8312590FAF90094B699 /* reedUITests.swift in Sources */,
			);
			runOnlyForDeploymentPostprocessing = 0;
		};
/* End PBXSourcesBuildPhase section */

/* Begin PBXTargetDependency section */
		CAFAC8232590FAF90094B699 /* PBXTargetDependency */ = {
			isa = PBXTargetDependency;
			target = CAFAC80E2590FAF80094B699 /* reed */;
			targetProxy = CAFAC8222590FAF90094B699 /* PBXContainerItemProxy */;
		};
		CAFAC82E2590FAF90094B699 /* PBXTargetDependency */ = {
			isa = PBXTargetDependency;
			target = CAFAC80E2590FAF80094B699 /* reed */;
			targetProxy = CAFAC82D2590FAF90094B699 /* PBXContainerItemProxy */;
		};
/* End PBXTargetDependency section */

/* Begin XCBuildConfiguration section */
		CAFAC8332590FAF90094B699 /* Debug */ = {
			isa = XCBuildConfiguration;
			buildSettings = {
				ALWAYS_SEARCH_USER_PATHS = NO;
				CLANG_ANALYZER_NONNULL = YES;
				CLANG_ANALYZER_NUMBER_OBJECT_CONVERSION = YES_AGGRESSIVE;
				CLANG_CXX_LANGUAGE_STANDARD = "gnu++14";
				CLANG_CXX_LIBRARY = "libc++";
				CLANG_ENABLE_MODULES = YES;
				CLANG_ENABLE_OBJC_ARC = YES;
				CLANG_ENABLE_OBJC_WEAK = YES;
				CLANG_WARN_BLOCK_CAPTURE_AUTORELEASING = YES;
				CLANG_WARN_BOOL_CONVERSION = YES;
				CLANG_WARN_COMMA = YES;
				CLANG_WARN_CONSTANT_CONVERSION = YES;
				CLANG_WARN_DEPRECATED_OBJC_IMPLEMENTATIONS = YES;
				CLANG_WARN_DIRECT_OBJC_ISA_USAGE = YES_ERROR;
				CLANG_WARN_DOCUMENTATION_COMMENTS = YES;
				CLANG_WARN_EMPTY_BODY = YES;
				CLANG_WARN_ENUM_CONVERSION = YES;
				CLANG_WARN_INFINITE_RECURSION = YES;
				CLANG_WARN_INT_CONVERSION = YES;
				CLANG_WARN_NON_LITERAL_NULL_CONVERSION = YES;
				CLANG_WARN_OBJC_IMPLICIT_RETAIN_SELF = YES;
				CLANG_WARN_OBJC_LITERAL_CONVERSION = YES;
				CLANG_WARN_OBJC_ROOT_CLASS = YES_ERROR;
				CLANG_WARN_QUOTED_INCLUDE_IN_FRAMEWORK_HEADER = YES;
				CLANG_WARN_RANGE_LOOP_ANALYSIS = YES;
				CLANG_WARN_STRICT_PROTOTYPES = YES;
				CLANG_WARN_SUSPICIOUS_MOVE = YES;
				CLANG_WARN_UNGUARDED_AVAILABILITY = YES_AGGRESSIVE;
				CLANG_WARN_UNREACHABLE_CODE = YES;
				CLANG_WARN__DUPLICATE_METHOD_MATCH = YES;
				COPY_PHASE_STRIP = NO;
				DEBUG_INFORMATION_FORMAT = dwarf;
				ENABLE_STRICT_OBJC_MSGSEND = YES;
				ENABLE_TESTABILITY = YES;
				GCC_C_LANGUAGE_STANDARD = gnu11;
				GCC_DYNAMIC_NO_PIC = NO;
				GCC_NO_COMMON_BLOCKS = YES;
				GCC_OPTIMIZATION_LEVEL = 0;
				GCC_PREPROCESSOR_DEFINITIONS = (
					"DEBUG=1",
					"$(inherited)",
				);
				GCC_WARN_64_TO_32_BIT_CONVERSION = YES;
				GCC_WARN_ABOUT_RETURN_TYPE = YES_ERROR;
				GCC_WARN_UNDECLARED_SELECTOR = YES;
				GCC_WARN_UNINITIALIZED_AUTOS = YES_AGGRESSIVE;
				GCC_WARN_UNUSED_FUNCTION = YES;
				GCC_WARN_UNUSED_VARIABLE = YES;
				MACOSX_DEPLOYMENT_TARGET = 11.1;
				MTL_ENABLE_DEBUG_INFO = INCLUDE_SOURCE;
				MTL_FAST_MATH = YES;
				ONLY_ACTIVE_ARCH = YES;
				SDKROOT = macosx;
				SWIFT_ACTIVE_COMPILATION_CONDITIONS = DEBUG;
				SWIFT_OPTIMIZATION_LEVEL = "-Onone";
			};
			name = Debug;
		};
		CAFAC8342590FAF90094B699 /* Release */ = {
			isa = XCBuildConfiguration;
			buildSettings = {
				ALWAYS_SEARCH_USER_PATHS = NO;
				CLANG_ANALYZER_NONNULL = YES;
				CLANG_ANALYZER_NUMBER_OBJECT_CONVERSION = YES_AGGRESSIVE;
				CLANG_CXX_LANGUAGE_STANDARD = "gnu++14";
				CLANG_CXX_LIBRARY = "libc++";
				CLANG_ENABLE_MODULES = YES;
				CLANG_ENABLE_OBJC_ARC = YES;
				CLANG_ENABLE_OBJC_WEAK = YES;
				CLANG_WARN_BLOCK_CAPTURE_AUTORELEASING = YES;
				CLANG_WARN_BOOL_CONVERSION = YES;
				CLANG_WARN_COMMA = YES;
				CLANG_WARN_CONSTANT_CONVERSION = YES;
				CLANG_WARN_DEPRECATED_OBJC_IMPLEMENTATIONS = YES;
				CLANG_WARN_DIRECT_OBJC_ISA_USAGE = YES_ERROR;
				CLANG_WARN_DOCUMENTATION_COMMENTS = YES;
				CLANG_WARN_EMPTY_BODY = YES;
				CLANG_WARN_ENUM_CONVERSION = YES;
				CLANG_WARN_INFINITE_RECURSION = YES;
				CLANG_WARN_INT_CONVERSION = YES;
				CLANG_WARN_NON_LITERAL_NULL_CONVERSION = YES;
				CLANG_WARN_OBJC_IMPLICIT_RETAIN_SELF = YES;
				CLANG_WARN_OBJC_LITERAL_CONVERSION = YES;
				CLANG_WARN_OBJC_ROOT_CLASS = YES_ERROR;
				CLANG_WARN_QUOTED_INCLUDE_IN_FRAMEWORK_HEADER = YES;
				CLANG_WARN_RANGE_LOOP_ANALYSIS = YES;
				CLANG_WARN_STRICT_PROTOTYPES = YES;
				CLANG_WARN_SUSPICIOUS_MOVE = YES;
				CLANG_WARN_UNGUARDED_AVAILABILITY = YES_AGGRESSIVE;
				CLANG_WARN_UNREACHABLE_CODE = YES;
				CLANG_WARN__DUPLICATE_METHOD_MATCH = YES;
				COPY_PHASE_STRIP = NO;
				DEBUG_INFORMATION_FORMAT = "dwarf-with-dsym";
				ENABLE_NS_ASSERTIONS = NO;
				ENABLE_STRICT_OBJC_MSGSEND = YES;
				GCC_C_LANGUAGE_STANDARD = gnu11;
				GCC_NO_COMMON_BLOCKS = YES;
				GCC_WARN_64_TO_32_BIT_CONVERSION = YES;
				GCC_WARN_ABOUT_RETURN_TYPE = YES_ERROR;
				GCC_WARN_UNDECLARED_SELECTOR = YES;
				GCC_WARN_UNINITIALIZED_AUTOS = YES_AGGRESSIVE;
				GCC_WARN_UNUSED_FUNCTION = YES;
				GCC_WARN_UNUSED_VARIABLE = YES;
				MACOSX_DEPLOYMENT_TARGET = 11.1;
				MTL_ENABLE_DEBUG_INFO = NO;
				MTL_FAST_MATH = YES;
				SDKROOT = macosx;
				SWIFT_COMPILATION_MODE = wholemodule;
				SWIFT_OPTIMIZATION_LEVEL = "-O";
			};
			name = Release;
		};
		CAFAC8362590FAF90094B699 /* Debug */ = {
			isa = XCBuildConfiguration;
			buildSettings = {
				ASSETCATALOG_COMPILER_APPICON_NAME = AppIcon;
				ASSETCATALOG_COMPILER_GLOBAL_ACCENT_COLOR_NAME = AccentColor;
				CODE_SIGN_ENTITLEMENTS = reed/reed.entitlements;
				CODE_SIGN_STYLE = Automatic;
				COMBINE_HIDPI_IMAGES = YES;
				DEVELOPMENT_ASSET_PATHS = "\"reed/Preview Content\"";
				ENABLE_PREVIEWS = YES;
				INFOPLIST_FILE = reed/Info.plist;
				LD_RUNPATH_SEARCH_PATHS = (
					"$(inherited)",
					"@executable_path/../Frameworks",
				);
				MACOSX_DEPLOYMENT_TARGET = 11.0;
				MARKETING_VERSION = 1.0.0;
				PRODUCT_BUNDLE_IDENTIFIER = sh.lrk.reed;
				PRODUCT_NAME = "$(TARGET_NAME)";
				SWIFT_VERSION = 5.0;
			};
			name = Debug;
		};
		CAFAC8372590FAF90094B699 /* Release */ = {
			isa = XCBuildConfiguration;
			buildSettings = {
				ASSETCATALOG_COMPILER_APPICON_NAME = AppIcon;
				ASSETCATALOG_COMPILER_GLOBAL_ACCENT_COLOR_NAME = AccentColor;
				CODE_SIGN_ENTITLEMENTS = reed/reed.entitlements;
				CODE_SIGN_STYLE = Automatic;
				COMBINE_HIDPI_IMAGES = YES;
				DEVELOPMENT_ASSET_PATHS = "\"reed/Preview Content\"";
				ENABLE_PREVIEWS = YES;
				INFOPLIST_FILE = reed/Info.plist;
				LD_RUNPATH_SEARCH_PATHS = (
					"$(inherited)",
					"@executable_path/../Frameworks",
				);
				MACOSX_DEPLOYMENT_TARGET = 11.0;
				MARKETING_VERSION = 1.0.0;
				PRODUCT_BUNDLE_IDENTIFIER = sh.lrk.reed;
				PRODUCT_NAME = "$(TARGET_NAME)";
				SWIFT_VERSION = 5.0;
			};
			name = Release;
		};
		CAFAC8392590FAF90094B699 /* Debug */ = {
			isa = XCBuildConfiguration;
			buildSettings = {
				ALWAYS_EMBED_SWIFT_STANDARD_LIBRARIES = YES;
				BUNDLE_LOADER = "$(TEST_HOST)";
				CODE_SIGN_STYLE = Automatic;
				COMBINE_HIDPI_IMAGES = YES;
				INFOPLIST_FILE = reedTests/Info.plist;
				LD_RUNPATH_SEARCH_PATHS = (
					"$(inherited)",
					"@executable_path/../Frameworks",
					"@loader_path/../Frameworks",
				);
				MACOSX_DEPLOYMENT_TARGET = 11.0;
				PRODUCT_BUNDLE_IDENTIFIER = sh.lrk.reedTests;
				PRODUCT_NAME = "$(TARGET_NAME)";
				SWIFT_VERSION = 5.0;
				TEST_HOST = "$(BUILT_PRODUCTS_DIR)/reed.app/Contents/MacOS/reed";
			};
			name = Debug;
		};
		CAFAC83A2590FAF90094B699 /* Release */ = {
			isa = XCBuildConfiguration;
			buildSettings = {
				ALWAYS_EMBED_SWIFT_STANDARD_LIBRARIES = YES;
				BUNDLE_LOADER = "$(TEST_HOST)";
				CODE_SIGN_STYLE = Automatic;
				COMBINE_HIDPI_IMAGES = YES;
				INFOPLIST_FILE = reedTests/Info.plist;
				LD_RUNPATH_SEARCH_PATHS = (
					"$(inherited)",
					"@executable_path/../Frameworks",
					"@loader_path/../Frameworks",
				);
				MACOSX_DEPLOYMENT_TARGET = 11.0;
				PRODUCT_BUNDLE_IDENTIFIER = sh.lrk.reedTests;
				PRODUCT_NAME = "$(TARGET_NAME)";
				SWIFT_VERSION = 5.0;
				TEST_HOST = "$(BUILT_PRODUCTS_DIR)/reed.app/Contents/MacOS/reed";
			};
			name = Release;
		};
		CAFAC83C2590FAF90094B699 /* Debug */ = {
			isa = XCBuildConfiguration;
			buildSettings = {
				ALWAYS_EMBED_SWIFT_STANDARD_LIBRARIES = YES;
				CODE_SIGN_STYLE = Automatic;
				COMBINE_HIDPI_IMAGES = YES;
				INFOPLIST_FILE = reedUITests/Info.plist;
				LD_RUNPATH_SEARCH_PATHS = (
					"$(inherited)",
					"@executable_path/../Frameworks",
					"@loader_path/../Frameworks",
				);
				PRODUCT_BUNDLE_IDENTIFIER = sh.lrk.reedUITests;
				PRODUCT_NAME = "$(TARGET_NAME)";
				SWIFT_VERSION = 5.0;
				TEST_TARGET_NAME = reed;
			};
			name = Debug;
		};
		CAFAC83D2590FAF90094B699 /* Release */ = {
			isa = XCBuildConfiguration;
			buildSettings = {
				ALWAYS_EMBED_SWIFT_STANDARD_LIBRARIES = YES;
				CODE_SIGN_STYLE = Automatic;
				COMBINE_HIDPI_IMAGES = YES;
				INFOPLIST_FILE = reedUITests/Info.plist;
				LD_RUNPATH_SEARCH_PATHS = (
					"$(inherited)",
					"@executable_path/../Frameworks",
					"@loader_path/../Frameworks",
				);
				PRODUCT_BUNDLE_IDENTIFIER = sh.lrk.reedUITests;
				PRODUCT_NAME = "$(TARGET_NAME)";
				SWIFT_VERSION = 5.0;
				TEST_TARGET_NAME = reed;
			};
			name = Release;
		};
/* End XCBuildConfiguration section */

/* Begin XCConfigurationList section */
		CAFAC80A2590FAF80094B699 /* Build configuration list for PBXProject "reed" */ = {
			isa = XCConfigurationList;
			buildConfigurations = (
				CAFAC8332590FAF90094B699 /* Debug */,
				CAFAC8342590FAF90094B699 /* Release */,
			);
			defaultConfigurationIsVisible = 0;
			defaultConfigurationName = Release;
		};
		CAFAC8352590FAF90094B699 /* Build configuration list for PBXNativeTarget "reed" */ = {
			isa = XCConfigurationList;
			buildConfigurations = (
				CAFAC8362590FAF90094B699 /* Debug */,
				CAFAC8372590FAF90094B699 /* Release */,
			);
			defaultConfigurationIsVisible = 0;
			defaultConfigurationName = Release;
		};
		CAFAC8382590FAF90094B699 /* Build configuration list for PBXNativeTarget "reedTests" */ = {
			isa = XCConfigurationList;
			buildConfigurations = (
				CAFAC8392590FAF90094B699 /* Debug */,
				CAFAC83A2590FAF90094B699 /* Release */,
			);
			defaultConfigurationIsVisible = 0;
			defaultConfigurationName = Release;
		};
		CAFAC83B2590FAF90094B699 /* Build configuration list for PBXNativeTarget "reedUITests" */ = {
			isa = XCConfigurationList;
			buildConfigurations = (
				CAFAC83C2590FAF90094B699 /* Debug */,
				CAFAC83D2590FAF90094B699 /* Release */,
			);
			defaultConfigurationIsVisible = 0;
			defaultConfigurationName = Release;
		};
/* End XCConfigurationList section */

/* Begin XCRemoteSwiftPackageReference section */
		CAE9AB8A2591488D00344689 /* XCRemoteSwiftPackageReference "FeedKit" */ = {
			isa = XCRemoteSwiftPackageReference;
			repositoryURL = "https://github.com/nmdias/FeedKit";
			requirement = {
				kind = upToNextMajorVersion;
				minimumVersion = 9.1.2;
			};
		};
/* End XCRemoteSwiftPackageReference section */

/* Begin XCSwiftPackageProductDependency section */
		CAE9AB8B2591488D00344689 /* FeedKit */ = {
			isa = XCSwiftPackageProductDependency;
			package = CAE9AB8A2591488D00344689 /* XCRemoteSwiftPackageReference "FeedKit" */;
			productName = FeedKit;
		};
/* End XCSwiftPackageProductDependency section */

/* Begin XCVersionGroup section */
		CAFAC8A1259121040094B699 /* reedModel.xcdatamodeld */ = {
			isa = XCVersionGroup;
			children = (
				CAFAC8A2259121040094B699 /* Model.xcdatamodel */,
			);
			currentVersion = CAFAC8A2259121040094B699 /* Model.xcdatamodel */;
			path = reedModel.xcdatamodeld;
			sourceTree = "<group>";
			versionGroupType = wrapper.xcdatamodel;
		};
/* End XCVersionGroup section */
	};
	rootObject = CAFAC8072590FAF80094B699 /* Project object */;
}
